# This file is automatically @generated by Cargo.
# It is not intended for manual editing.
version = 3

[[package]]
name = "collapse"
version = "0.1.2"
source = "registry+https://github.com/rust-lang/crates.io-index"
checksum = "ba28d63cd46c3b6dc8d75b63f563b724dc9c5e09c59cf5b62f315a7ddfcc135a"

[[package]]
name = "hrm-interpreter"
version = "0.1.0"
dependencies = [
 "collapse",
]
